
Microsoft Visual Studio Solution File, Format Version 12.00
# Visual Studio Version 17
VisualStudioVersion = 17.7.34031.279
MinimumVisualStudioVersion = 10.0.40219.1
Project("{FAE04EC0-301F-11D3-BF4B-00C04F79EFBC}") = "Calculator", "Calculator\Calculator.csproj", "{AEA626A1-6316-4621-A5B6-42CEA949BC6E}"
EndProject
Global
	GlobalSection(SolutionConfigurationPlatforms) = preSolution
		Debug|Any CPU = Debug|Any CPU
		Release|Any CPU = Release|Any CPU
	EndGlobalSection
	GlobalSection(ProjectConfigurationPlatforms) = postSolution
		{AEA626A1-6316-4621-A5B6-42CEA949BC6E}.Debug|Any CPU.ActiveCfg = Debug|Any CPU
		{AEA626A1-6316-4621-A5B6-42CEA949BC6E}.Debug|Any CPU.Build.0 = Debug|Any CPU
		{AEA626A1-6316-4621-A5B6-42CEA949BC6E}.Release|Any CPU.ActiveCfg = Release|Any CPU
		{AEA626A1-6316-4621-A5B6-42CEA949BC6E}.Release|Any CPU.Build.0 = Release|Any CPU
	EndGlobalSection
	GlobalSection(SolutionProperties) = preSolution
		HideSolutionNode = FALSE
	EndGlobalSection
	GlobalSection(ExtensibilityGlobals) = postSolution
		SolutionGuid = {E4CCF006-C7FD-4044-8F09-852E2B01A8B8}
	EndGlobalSection
EndGlobal
